
Microsoft Visual Studio Solution File, Format Version 12.00
# Visual Studio Version 16
VisualStudioVersion = 16.0.28922.388
MinimumVisualStudioVersion = 10.0.40219.1
Project("{FAE04EC0-301F-11D3-BF4B-00C04F79EFBC}") = "TOMS", "TOMS\TOMS.csproj", "{CCFB07BC-FE67-4CD5-A194-76BB4959D3A8}"
EndProject
Global
	GlobalSection(SolutionConfigurationPlatforms) = preSolution
		Debug|Any CPU = Debug|Any CPU
		Release|Any CPU = Release|Any CPU
	EndGlobalSection
	GlobalSection(ProjectConfigurationPlatforms) = postSolution
		{CCFB07BC-FE67-4CD5-A194-76BB4959D3A8}.Debug|Any CPU.ActiveCfg = Debug|Any CPU
		{CCFB07BC-FE67-4CD5-A194-76BB4959D3A8}.Debug|Any CPU.Build.0 = Debug|Any CPU
		{CCFB07BC-FE67-4CD5-A194-76BB4959D3A8}.Release|Any CPU.ActiveCfg = Release|Any CPU
		{CCFB07BC-FE67-4CD5-A194-76BB4959D3A8}.Release|Any CPU.Build.0 = Release|Any CPU
	EndGlobalSection
	GlobalSection(SolutionProperties) = preSolution
		HideSolutionNode = FALSE
	EndGlobalSection
	GlobalSection(ExtensibilityGlobals) = postSolution
		SolutionGuid = {655871CB-2047-4ADB-8C24-544891B8B436}
	EndGlobalSection
EndGlobal
